version = 1
revision = 3
requires-python = ">=3.11"

[[package]]
name = "attrs"
version = "25.4.0"
source = { registry = "https://pypi.org/simple" }
sdist = { url = "https://files.pythonhosted.org/packages/6b/5c/685e6633917e101e5dcb62b9dd76946cbb57c26e133bae9e0cd36033c0a9/attrs-25.4.0.tar.gz", hash = "sha256:16d5969b87f0859ef33a48b35d55ac1be6e42ae49d5e853b597db70c35c57e11", size = 934251, upload-time = "2025-10-06T13:54:44.725Z" }
wheels = [
    { url = "https://files.pythonhosted.org/packages/3a/2a/7cc015f5b9f5db42b7d48157e23356022889fc354a2813c15934b7cb5c0e/attrs-25.4.0-py3-none-any.whl", hash = "sha256:adcf7e2a1fb3b36ac48d97835bb6d8ade15b8dcce26aba8bf1d14847b57a3373", size = 67615, upload-time = "2025-10-06T13:54:43.17Z" },
]

[[package]]
name = "fonttools"
version = "4.62.0"
source = { registry = "https://pypi.org/simple" }
sdist = { url = "https://files.pythonhosted.org/packages/5a/96/686339e0fda8142b7ebed39af53f4a5694602a729662f42a6209e3be91d0/fonttools-4.62.0.tar.gz", hash = "sha256:0dc477c12b8076b4eb9af2e440421b0433ffa9e1dcb39e0640a6c94665ed1098", size = 3579521, upload-time = "2026-03-09T16:50:06.217Z" }
wheels = [
    { url = "https://files.pythonhosted.org/packages/e4/33/63d79ca41020dd460b51f1e0f58ad1ff0a36b7bcbdf8f3971d52836581e9/fonttools-4.62.0-cp311-cp311-macosx_10_9_universal2.whl", hash = "sha256:196cafef9aeec5258425bd31a4e9a414b2ee0d1557bca184d7923d3d3bcd90f9", size = 2870816, upload-time = "2026-03-09T16:48:32.39Z" },
    { url = "https://files.pythonhosted.org/packages/c0/7a/9aeec114bc9fc00d757a41f092f7107863d372e684a5b5724c043654477c/fonttools-4.62.0-cp311-cp311-macosx_10_9_x86_64.whl", hash = "sha256:153afc3012ff8761b1733e8fbe5d98623409774c44ffd88fbcb780e240c11d13", size = 2416127, upload-time = "2026-03-09T16:48:34.627Z" },
    { url = "https://files.pythonhosted.org/packages/5a/71/12cfd8ae0478b7158ffa8850786781f67e73c00fd897ef9d053415c5f88b/fonttools-4.62.0-cp311-cp311-manylinux2014_aarch64.manylinux_2_17_aarch64.manylinux_2_28_aarch64.whl", hash = "sha256:13b663fb197334de84db790353d59da2a7288fd14e9be329f5debc63ec0500a5", size = 5100678, upload-time = "2026-03-09T16:48:36.454Z" },
    { url = "https://files.pythonhosted.org/packages/8a/d7/8e4845993ee233c2023d11babe9b3dae7d30333da1d792eeccebcb77baab/fonttools-4.62.0-cp311-cp311-manylinux2014_x86_64.manylinux_2_17_x86_64.whl", hash = "sha256:591220d5333264b1df0d3285adbdfe2af4f6a45bbf9ca2b485f97c9f577c49ff", size = 5070859, upload-time = "2026-03-09T16:48:38.786Z" },
    { url = "https://files.pythonhosted.org/packages/ae/a0/287ae04cd883a52e7bb1d92dfc4997dcffb54173761c751106845fa9e316/fonttools-4.62.0-cp311-cp311-musllinux_1_2_aarch64.whl", hash = "sha256:579f35c121528a50c96bf6fcb6a393e81e7f896d4326bf40e379f1c971603db9", size = 5076689, upload-time = "2026-03-09T16:48:41.886Z" },
    { url = "https://files.pythonhosted.org/packages/6d/4e/a2377ad26c36fcd3e671a1c316ea5ed83107de1588e2d897a98349363bc7/fonttools-4.62.0-cp311-cp311-musllinux_1_2_x86_64.whl", hash = "sha256:44956b003151d5a289eba6c71fe590d63509267c37e26de1766ba15d9c589582", size = 5202053, upload-time = "2026-03-09T16:48:43.867Z" },
    { url = "https://files.pythonhosted.org/packages/44/2e/ad0472e69b02f83dc88983a9910d122178461606404be5b4838af6d1744a/fonttools-4.62.0-cp311-cp311-win32.whl", hash = "sha256:42c7848fa8836ab92c23b1617c407a905642521ff2d7897fe2bf8381530172f1", size = 2292852, upload-time = "2026-03-09T16:48:46.962Z" },
    { url = "https://files.pythonhosted.org/packages/77/ce/f5a4c42c117f8113ce04048053c128d17426751a508f26398110c993a074/fonttools-4.62.0-cp311-cp311-win_amd64.whl", hash = "sha256:4da779e8f342a32856075ddb193b2a024ad900bc04ecb744014c32409ae871ed", size = 2344367, upload-time = "2026-03-09T16:48:48.818Z" },
    { url = "https://files.pythonhosted.org/packages/ab/9d/7ad1ffc080619f67d0b1e0fa6a0578f0be077404f13fd8e448d1616a94a3/fonttools-4.62.0-cp312-cp312-macosx_10_13_universal2.whl", hash = "sha256:22bde4dc12a9e09b5ced77f3b5053d96cf10c4976c6ac0dee293418ef289d221", size = 2870004, upload-time = "2026-03-09T16:48:50.837Z" },
    { url = "https://files.pythonhosted.org/packages/4d/8b/ba59069a490f61b737e064c3129453dbd28ee38e81d56af0d04d7e6b4de4/fonttools-4.62.0-cp312-cp312-macosx_10_13_x86_64.whl", hash = "sha256:7199c73b326bad892f1cb53ffdd002128bfd58a89b8f662204fbf1daf8d62e85", size = 2414662, upload-time = "2026-03-09T16:48:53.295Z" },
    { url = "https://files.pythonhosted.org/packages/8c/8c/c52a4310de58deeac7e9ea800892aec09b00bb3eb0c53265b31ec02be115/fonttools-4.62.0-cp312-cp312-manylinux2014_aarch64.manylinux_2_17_aarch64.manylinux_2_28_aarch64.whl", hash = "sha256:d732938633681d6e2324e601b79e93f7f72395ec8681f9cdae5a8c08bc167e72", size = 5032975, upload-time = "2026-03-09T16:48:55.718Z" },
    { url = "https://files.pythonhosted.org/packages/0b/a1/d16318232964d786907b9b3613b8409f74cf0be2da400854509d3a864e43/fonttools-4.62.0-cp312-cp312-manylinux2014_x86_64.manylinux_2_17_x86_64.whl", hash = "sha256:31a804c16d76038cc4e3826e07678efb0a02dc4f15396ea8e07088adbfb2578e", size = 4988544, upload-time = "2026-03-09T16:48:57.715Z" },
    { url = "https://files.pythonhosted.org/packages/b2/8d/7e745ca3e65852adc5e52a83dc213fe1b07d61cb5b394970fcd4b1199d1e/fonttools-4.62.0-cp312-cp312-musllinux_1_2_aarch64.whl", hash = "sha256:090e74ac86e68c20150e665ef8e7e0c20cb9f8b395302c9419fa2e4d332c3b51", size = 4971296, upload-time = "2026-03-09T16:48:59.678Z" },
    { url = "https://files.pythonhosted.org/packages/e6/d4/b717a4874175146029ca1517e85474b1af80c9d9a306fc3161e71485eea5/fonttools-4.62.0-cp312-cp312-musllinux_1_2_x86_64.whl", hash = "sha256:8f086120e8be9e99ca1288aa5ce519833f93fe0ec6ebad2380c1dee18781f0b5", size = 5122503, upload-time = "2026-03-09T16:49:02.464Z" },
    { url = "https://files.pythonhosted.org/packages/cb/4b/92cfcba4bf8373f51c49c5ae4b512ead6fbda7d61a0e8c35a369d0db40a0/fonttools-4.62.0-cp312-cp312-win32.whl", hash = "sha256:37a73e5e38fd05c637daede6ffed5f3496096be7df6e4a3198d32af038f87527", size = 2281060, upload-time = "2026-03-09T16:49:04.385Z" },
    { url = "https://files.pythonhosted.org/packages/cd/06/cc96468781a4dc8ae2f14f16f32b32f69bde18cb9384aad27ccc7adf76f7/fonttools-4.62.0-cp312-cp312-win_amd64.whl", hash = "sha256:658ab837c878c4d2a652fcbb319547ea41693890e6434cf619e66f79387af3b8", size = 2331193, upload-time = "2026-03-09T16:49:06.598Z" },
    { url = "https://files.pythonhosted.org/packages/82/c7/985c1670aa6d82ef270f04cde11394c168f2002700353bd2bde405e59b8f/fonttools-4.62.0-cp313-cp313-macosx_10_13_universal2.whl", hash = "sha256:274c8b8a87e439faf565d3bcd3f9f9e31bca7740755776a4a90a4bfeaa722efa", size = 2864929, upload-time = "2026-03-09T16:49:09.331Z" },
    { url = "https://files.pythonhosted.org/packages/c1/dc/c409c8ceec0d3119e9ab0b7b1a2e3c76d1f4d66e4a9db5c59e6b7652e7df/fonttools-4.62.0-cp313-cp313-macosx_10_13_x86_64.whl", hash = "sha256:93e27131a5a0ae82aaadcffe309b1bae195f6711689722af026862bede05c07c", size = 2412586, upload-time = "2026-03-09T16:49:11.378Z" },
    { url = "https://files.pythonhosted.org/packages/5f/ac/8e300dbf7b4d135287c261ffd92ede02d9f48f0d2db14665fbc8b059588a/fonttools-4.62.0-cp313-cp313-manylinux2014_aarch64.manylinux_2_17_aarch64.manylinux_2_28_aarch64.whl", hash = "sha256:83c6524c5b93bad9c2939d88e619fedc62e913c19e673f25d5ab74e7a5d074e5", size = 5013708, upload-time = "2026-03-09T16:49:14.063Z" },
    { url = "https://files.pythonhosted.org/packages/fb/bc/60d93477b653eeb1ddf5f9ec34be689b79234d82dbdded269ac0252715b8/fonttools-4.62.0-cp313-cp313-manylinux2014_x86_64.manylinux_2_17_x86_64.whl", hash = "sha256:106aec9226f9498fc5345125ff7200842c01eda273ae038f5049b0916907acee", size = 4964355, upload-time = "2026-03-09T16:49:16.515Z" },
    { url = "https://files.pythonhosted.org/packages/cb/eb/6dc62bcc3c3598c28a3ecb77e69018869c3e109bd83031d4973c059d318b/fonttools-4.62.0-cp313-cp313-musllinux_1_2_aarch64.whl", hash = "sha256:15d86b96c79013320f13bc1b15f94789edb376c0a2d22fb6088f33637e8dfcbc", size = 4953472, upload-time = "2026-03-09T16:49:18.494Z" },
    { url = "https://files.pythonhosted.org/packages/82/b3/3af7592d9b254b7b7fec018135f8776bfa0d1ad335476c2791b1334dc5e4/fonttools-4.62.0-cp313-cp313-musllinux_1_2_x86_64.whl", hash = "sha256:4f16c07e5250d5d71d0f990a59460bc5620c3cc456121f2cfb5b60475699905f", size = 5094701, upload-time = "2026-03-09T16:49:21.67Z" },
    { url = "https://files.pythonhosted.org/packages/31/3d/976645583ab567d3ee75ff87b33aa1330fa2baeeeae5fc46210b4274dd45/fonttools-4.62.0-cp313-cp313-win32.whl", hash = "sha256:d31558890f3fa00d4f937d12708f90c7c142c803c23eaeb395a71f987a77ebe3", size = 2279710, upload-time = "2026-03-09T16:49:23.812Z" },
    { url = "https://files.pythonhosted.org/packages/f5/7a/e25245a30457595740041dba9d0ea8ec1b2517f2f1a6a741f15eba1a4edc/fonttools-4.62.0-cp313-cp313-win_amd64.whl", hash = "sha256:6826a5aa53fb6def8a66bf423939745f415546c4e92478a7c531b8b6282b6c3b", size = 2330291, upload-time = "2026-03-09T16:49:26.237Z" },
    { url = "https://files.pythonhosted.org/packages/1a/64/61f69298aa6e7c363dcf00dd6371a654676900abe27d1effd1a74b43e5d0/fonttools-4.62.0-cp314-cp314-macosx_10_15_universal2.whl", hash = "sha256:4fa5a9c716e2f75ef34b5a5c2ca0ee4848d795daa7e6792bf30fd4abf8993449", size = 2864222, upload-time = "2026-03-09T16:49:28.285Z" },
    { url = "https://files.pythonhosted.org/packages/c6/57/6b08756fe4455336b1fe160ab3c11fccc90768ccb6ee03fb0b45851aace4/fonttools-4.62.0-cp314-cp314-macosx_10_15_x86_64.whl", hash = "sha256:625f5cbeb0b8f4e42343eaeb4bc2786718ddd84760a2f5e55fdd3db049047c00", size = 2410674, upload-time = "2026-03-09T16:49:30.504Z" },
    { url = "https://files.pythonhosted.org/packages/6f/86/db65b63bb1b824b63e602e9be21b18741ddc99bcf5a7850f9181159ae107/fonttools-4.62.0-cp314-cp314-manylinux2014_aarch64.manylinux_2_17_aarch64.manylinux_2_28_aarch64.whl", hash = "sha256:6247e58b96b982709cd569a91a2ba935d406dccf17b6aa615afaed37ac3856aa", size = 4999387, upload-time = "2026-03-09T16:49:32.593Z" },
    { url = "https://files.pythonhosted.org/packages/86/c8/c6669e42d2f4efd60d38a3252cebbb28851f968890efb2b9b15f9d1092b0/fonttools-4.62.0-cp314-cp314-manylinux2014_x86_64.manylinux_2_17_x86_64.whl", hash = "sha256:840632ea9c1eab7b7f01c369e408c0721c287dfd7500ab937398430689852fd1", size = 4912506, upload-time = "2026-03-09T16:49:34.927Z" },
    { url = "https://files.pythonhosted.org/packages/2e/49/0ae552aa098edd0ec548413fbf818f52ceb70535016215094a5ce9bf8f70/fonttools-4.62.0-cp314-cp314-musllinux_1_2_aarch64.whl", hash = "sha256:28a9ea2a7467a816d1bec22658b0cce4443ac60abac3e293bdee78beb74588f3", size = 4951202, upload-time = "2026-03-09T16:49:37.1Z" },
    { url = "https://files.pythonhosted.org/packages/71/65/ae38fc8a4cea6f162d74cf11f58e9aeef1baa7d0e3d1376dabd336c129e5/fonttools-4.62.0-cp314-cp314-musllinux_1_2_x86_64.whl", hash = "sha256:5ae611294f768d413949fd12693a8cba0e6332fbc1e07aba60121be35eac68d0", size = 5060758, upload-time = "2026-03-09T16:49:39.464Z" },
    { url = "https://files.pythonhosted.org/packages/db/3d/bb797496f35c60544cd5af71ffa5aad62df14ef7286908d204cb5c5096fe/fonttools-4.62.0-cp314-cp314-win32.whl", hash = "sha256:273acb61f316d07570a80ed5ff0a14a23700eedbec0ad968b949abaa4d3f6bb5", size = 2283496, upload-time = "2026-03-09T16:49:42.448Z" },
    { url = "https://files.pythonhosted.org/packages/2e/9f/91081ffe5881253177c175749cce5841f5ec6e931f5d52f4a817207b7429/fonttools-4.62.0-cp314-cp314-win_amd64.whl", hash = "sha256:a5f974006d14f735c6c878fc4b117ad031dc93638ddcc450ca69f8fd64d5e104", size = 2335426, upload-time = "2026-03-09T16:49:44.228Z" },
    { url = "https://files.pythonhosted.org/packages/f8/65/f47f9b3db1ec156a1f222f1089ba076b2cc9ee1d024a8b0a60c54258517e/fonttools-4.62.0-cp314-cp314t-macosx_10_15_universal2.whl", hash = "sha256:0361a7d41d86937f1f752717c19f719d0fde064d3011038f9f19bdf5fc2f5c95", size = 2947079, upload-time = "2026-03-09T16:49:46.471Z" },
    { url = "https://files.pythonhosted.org/packages/52/73/bc62e5058a0c22cf02b1e0169ef0c3ca6c3247216d719f95bead3c05a991/fonttools-4.62.0-cp314-cp314t-macosx_10_15_x86_64.whl", hash = "sha256:d4108c12773b3c97aa592311557c405d5b4fc03db2b969ed928fcf68e7b3c887", size = 2448802, upload-time = "2026-03-09T16:49:48.328Z" },
    { url = "https://files.pythonhosted.org/packages/2b/df/bfaa0e845884935355670e6e68f137185ab87295f8bc838db575e4a66064/fonttools-4.62.0-cp314-cp314t-manylinux2014_aarch64.manylinux_2_17_aarch64.manylinux_2_28_aarch64.whl", hash = "sha256:b448075f32708e8fb377fe7687f769a5f51a027172c591ba9a58693631b077a8", size = 5137378, upload-time = "2026-03-09T16:49:50.223Z" },
    { url = "https://files.pythonhosted.org/packages/32/32/04f616979a18b48b52e634988b93d847b6346260faf85ecccaf7e2e9057f/fonttools-4.62.0-cp314-cp314t-manylinux2014_x86_64.manylinux_2_17_x86_64.whl", hash = "sha256:e5f1fa8cc9f1a56a3e33ee6b954d6d9235e6b9d11eb7a6c9dfe2c2f829dc24db", size = 4920714, upload-time = "2026-03-09T16:49:53.172Z" },
    { url = "https://files.pythonhosted.org/packages/3b/2e/274e16689c1dfee5c68302cd7c444213cfddd23cf4620374419625037ec6/fonttools-4.62.0-cp314-cp314t-musllinux_1_2_aarch64.whl", hash = "sha256:f8c8ea812f82db1e884b9cdb663080453e28f0f9a1f5027a5adb59c4cc8d38d1", size = 5016012, upload-time = "2026-03-09T16:49:55.762Z" },
    { url = "https://files.pythonhosted.org/packages/7f/0c/b08117270626e7117ac2f89d732fdd4386ec37d2ab3a944462d29e6f89a1/fonttools-4.62.0-cp314-cp314t-musllinux_1_2_x86_64.whl", hash = "sha256:03c6068adfdc67c565d217e92386b1cdd951abd4240d65180cec62fa74ba31b2", size = 5042766, upload-time = "2026-03-09T16:49:57.726Z" },
    { url = "https://files.pythonhosted.org/packages/11/83/a48b73e54efa272ee65315a6331b30a9b3a98733310bc11402606809c50e/fonttools-4.62.0-cp314-cp314t-win32.whl", hash = "sha256:d28d5baacb0017d384df14722a63abe6e0230d8ce642b1615a27d78ffe3bc983", size = 2347785, upload-time = "2026-03-09T16:49:59.698Z" },
    { url = "https://files.pythonhosted.org/packages/f8/27/c67eab6dc3525bdc39586511b1b3d7161e972dacc0f17476dbaf932e708b/fonttools-4.62.0-cp314-cp314t-win_amd64.whl", hash = "sha256:3f9e20c4618f1e04190c802acae6dc337cb6db9fa61e492fd97cd5c5a9ff6d07", size = 2413914, upload-time = "2026-03-09T16:50:02.251Z" },
    { url = "https://files.pythonhosted.org/packages/9c/57/c2487c281dde03abb2dec244fd67059b8d118bd30a653cbf69e94084cb23/fonttools-4.62.0-py3-none-any.whl", hash = "sha256:75064f19a10c50c74b336aa5ebe7b1f89fd0fb5255807bfd4b0c6317098f4af3", size = 1152427, upload-time = "2026-03-09T16:50:04.074Z" },
]

[[package]]
name = "inst2ufo"
version = "0.1.0.dev0"
source = { editable = "." }
dependencies = [
    { name = "fonttools" },
    { name = "ufolib2" },
]

[package.metadata]
requires-dist = [
    { name = "fonttools", extras = ["ufo"], specifier = ">=4.62.0" },
    { name = "ufolib2", specifier = ">=0.18.1" },
]

[[package]]
name = "ufolib2"
version = "0.18.1"
source = { registry = "https://pypi.org/simple" }
dependencies = [
    { name = "attrs" },
    { name = "fonttools" },
]
sdist = { url = "https://files.pythonhosted.org/packages/f7/32/4df1cf042ec48d0179d011067ba76051bb2f8462a5477bb33127f9391b41/ufolib2-0.18.1.tar.gz", hash = "sha256:7de0efcc361c573f2537ee7ceabdb3bc64b19b61304cfa25e828caa7db8ae1a4", size = 97870, upload-time = "2025-07-10T11:40:43.824Z" }
wheels = [
    { url = "https://files.pythonhosted.org/packages/99/e3/53c4bd16a3b8a57e2d8840a31bb8dfe2a94f2e5e09f21ca5557521394bbe/ufolib2-0.18.1-py3-none-any.whl", hash = "sha256:d9d46da19880c09a2e7a25facabe8f30e5847236af0b21721442313d1e037db3", size = 53034, upload-time = "2025-07-10T11:40:42.426Z" },
]
